PODS:
  - YNMFormattedDate (0.1.0)

DEPENDENCIES:
  - YNMFormattedDate

SPEC REPOS:
  https://github.com/cocoapods/specs.git:
    - YNMFormattedDate

SPEC CHECKSUMS:
  YNMFormattedDate: ecaf65193d631153ecfb7c1cb7f49b3784e1c042

PODFILE CHECKSUM: d07d4f0733104e08bd481161b1ee7150d02c713c

COCOAPODS: 1.5.3
